
Microsoft Visual Studio Solution File, Format Version 12.00
Project("{FAE04EC0-301F-11D3-BF4B-00C04F79EFBC}") = "CleanArchitecture.Presentation", "CleanArchitecture.Presentation\CleanArchitecture.Presentation.csproj", "{D011E36B-68A8-4712-9837-D0FB3602BB86}"
EndProject
Project("{FAE04EC0-301F-11D3-BF4B-00C04F79EFBC}") = "CleanArchitecture.Application", "CleanArchitecture.Application\CleanArchitecture.Application.csproj", "{90344CF7-270A-4E04-9504-E57161AE4E85}"
EndProject
Project("{FAE04EC0-301F-11D3-BF4B-00C04F79EFBC}") = "CleanArchitecture.Infrastructure", "CleanArchitecture.Infrastructure\CleanArchitecture.Infrastructure.csproj", "{C733EE60-6075-4458-9D50-D7E908E186B1}"
EndProject
Project("{FAE04EC0-301F-11D3-BF4B-00C04F79EFBC}") = "CleanArchitecture.Domain", "CleanArchitecture.Domain\CleanArchitecture.Domain.csproj", "{745A1AA1-5406-4E48-BEF3-7473F8A97333}"
EndProject
Global
	GlobalSection(SolutionConfigurationPlatforms) = preSolution
		Debug|Any CPU = Debug|Any CPU
		Release|Any CPU = Release|Any CPU
	EndGlobalSection
	GlobalSection(ProjectConfigurationPlatforms) = postSolution
		{D011E36B-68A8-4712-9837-D0FB3602BB86}.Debug|Any CPU.ActiveCfg = Debug|Any CPU
		{D011E36B-68A8-4712-9837-D0FB3602BB86}.Debug|Any CPU.Build.0 = Debug|Any CPU
		{D011E36B-68A8-4712-9837-D0FB3602BB86}.Release|Any CPU.ActiveCfg = Release|Any CPU
		{D011E36B-68A8-4712-9837-D0FB3602BB86}.Release|Any CPU.Build.0 = Release|Any CPU
		{90344CF7-270A-4E04-9504-E57161AE4E85}.Debug|Any CPU.ActiveCfg = Debug|Any CPU
		{90344CF7-270A-4E04-9504-E57161AE4E85}.Debug|Any CPU.Build.0 = Debug|Any CPU
		{90344CF7-270A-4E04-9504-E57161AE4E85}.Release|Any CPU.ActiveCfg = Release|Any CPU
		{90344CF7-270A-4E04-9504-E57161AE4E85}.Release|Any CPU.Build.0 = Release|Any CPU
		{C733EE60-6075-4458-9D50-D7E908E186B1}.Debug|Any CPU.ActiveCfg = Debug|Any CPU
		{C733EE60-6075-4458-9D50-D7E908E186B1}.Debug|Any CPU.Build.0 = Debug|Any CPU
		{C733EE60-6075-4458-9D50-D7E908E186B1}.Release|Any CPU.ActiveCfg = Release|Any CPU
		{C733EE60-6075-4458-9D50-D7E908E186B1}.Release|Any CPU.Build.0 = Release|Any CPU
		{745A1AA1-5406-4E48-BEF3-7473F8A97333}.Debug|Any CPU.ActiveCfg = Debug|Any CPU
		{745A1AA1-5406-4E48-BEF3-7473F8A97333}.Debug|Any CPU.Build.0 = Debug|Any CPU
		{745A1AA1-5406-4E48-BEF3-7473F8A97333}.Release|Any CPU.ActiveCfg = Release|Any CPU
		{745A1AA1-5406-4E48-BEF3-7473F8A97333}.Release|Any CPU.Build.0 = Release|Any CPU
	EndGlobalSection
EndGlobal
